
Microsoft Visual Studio Solution File, Format Version 12.00
# Visual Studio 14
VisualStudioVersion = 14.0.25420.1
MinimumVisualStudioVersion = 10.0.40219.1
Project("{FAE04EC0-301F-11D3-BF4B-00C04F79EFBC}") = "Listak", "Listak\Listak.csproj", "{B83D3A4F-8C3F-4793-BF31-ADADBE8FD874}"
EndProject
Project("{FAE04EC0-301F-11D3-BF4B-00C04F79EFBC}") = "OsszetettTipus", "OsszetettTipus\OsszetettTipus.csproj", "{C7DC0DE0-B8A2-4FA5-9E72-BACE3424D5D6}"
EndProject
Project("{FAE04EC0-301F-11D3-BF4B-00C04F79EFBC}") = "Veletlenek", "Veletlenek\Veletlenek.csproj", "{59F327D2-F441-4FC6-AEAC-0EB883442F3F}"
EndProject
Global
	GlobalSection(SolutionConfigurationPlatforms) = preSolution
		Debug|Any CPU = Debug|Any CPU
		Release|Any CPU = Release|Any CPU
	EndGlobalSection
	GlobalSection(ProjectConfigurationPlatforms) = postSolution
		{B83D3A4F-8C3F-4793-BF31-ADADBE8FD874}.Debug|Any CPU.ActiveCfg = Debug|Any CPU
		{B83D3A4F-8C3F-4793-BF31-ADADBE8FD874}.Debug|Any CPU.Build.0 = Debug|Any CPU
		{B83D3A4F-8C3F-4793-BF31-ADADBE8FD874}.Release|Any CPU.ActiveCfg = Release|Any CPU
		{B83D3A4F-8C3F-4793-BF31-ADADBE8FD874}.Release|Any CPU.Build.0 = Release|Any CPU
		{C7DC0DE0-B8A2-4FA5-9E72-BACE3424D5D6}.Debug|Any CPU.ActiveCfg = Debug|Any CPU
		{C7DC0DE0-B8A2-4FA5-9E72-BACE3424D5D6}.Debug|Any CPU.Build.0 = Debug|Any CPU
		{C7DC0DE0-B8A2-4FA5-9E72-BACE3424D5D6}.Release|Any CPU.ActiveCfg = Release|Any CPU
		{C7DC0DE0-B8A2-4FA5-9E72-BACE3424D5D6}.Release|Any CPU.Build.0 = Release|Any CPU
		{59F327D2-F441-4FC6-AEAC-0EB883442F3F}.Debug|Any CPU.ActiveCfg = Debug|Any CPU
		{59F327D2-F441-4FC6-AEAC-0EB883442F3F}.Debug|Any CPU.Build.0 = Debug|Any CPU
		{59F327D2-F441-4FC6-AEAC-0EB883442F3F}.Release|Any CPU.ActiveCfg = Release|Any CPU
		{59F327D2-F441-4FC6-AEAC-0EB883442F3F}.Release|Any CPU.Build.0 = Release|Any CPU
	EndGlobalSection
	GlobalSection(SolutionProperties) = preSolution
		HideSolutionNode = FALSE
	EndGlobalSection
EndGlobal
